// !$*UTF8*$!
{
	archiveVersion = 1;
	classes = {
	};
	objectVersion = 46;
	objects = {

/* Begin PBXBuildFile section */
		1E7AC1B318567A4600CE719E /* spreadeagle_400.png in Resources */ = {isa = PBXBuildFile; fileRef = 1E7AC1B218567A4600CE719E /* spreadeagle_400.png */; };
		1EA643901855379800BF982B /* bald_eagle_lowkuk.mp3 in Resources */ = {isa = PBXBuildFile; fileRef = 1EA643881855379800BF982B /* bald_eagle_lowkuk.mp3 */; };
		1EA643911855379800BF982B /* bald_eagle_juvenile_begging.mp3 in Resources */ = {isa = PBXBuildFile; fileRef = 1EA643891855379800BF982B /* bald_eagle_juvenile_begging.mp3 */; };
		1EA643921855379800BF982B /* bald_eagle_juvenile_peal.mp3 in Resources */ = {isa = PBXBuildFile; fileRef = 1EA6438A1855379800BF982B /* bald_eagle_juvenile_peal.mp3 */; };
		1EA643931855379800BF982B /* bald_eagle_peal.mp3 in Resources */ = {isa = PBXBuildFile; fileRef = 1EA6438B1855379800BF982B /* bald_eagle_peal.mp3 */; };
		1EA643941855379800BF982B /* bald_eagle_chatter.mp3 in Resources */ = {isa = PBXBuildFile; fileRef = 1EA6438C1855379800BF982B /* bald_eagle_chatter.mp3 */; };
		1EA643951855379800BF982B /* kestrel_various.mp3 in Resources */ = {isa = PBXBuildFile; fileRef = 1EA6438D1855379800BF982B /* kestrel_various.mp3 */; };
		1EA643961855379800BF982B /* american_kestrel_chatter.mp3 in Resources */ = {isa = PBXBuildFile; fileRef = 1EA6438E1855379800BF982B /* american_kestrel_chatter.mp3 */; };
		1EA643971855379800BF982B /* kestrel_klee.mp3 in Resources */ = {isa = PBXBuildFile; fileRef = 1EA6438F1855379800BF982B /* kestrel_klee.mp3 */; };
		1EA6439E18553C1A00BF982B /* merlin.mp3 in Resources */ = {isa = PBXBuildFile; fileRef = 1EA6439818553C1A00BF982B /* merlin.mp3 */; };
		1EA6439F18553C1A00BF982B /* hawk_screeching_valley.mp3 in Resources */ = {isa = PBXBuildFile; fileRef = 1EA6439918553C1A00BF982B /* hawk_screeching_valley.mp3 */; };
		1EA643A018553C1A00BF982B /* hawk_screeching.mp3 in Resources */ = {isa = PBXBuildFile; fileRef = 1EA6439A18553C1A00BF982B /* hawk_screeching.mp3 */; };
		1EA643A118553C1A00BF982B /* generic_hawk_2.mp3 in Resources */ = {isa = PBXBuildFile; fileRef = 1EA6439B18553C1A00BF982B /* generic_hawk_2.mp3 */; };
		1EA643A218553C1A00BF982B /* generic_hawk_1.mp3 in Resources */ = {isa = PBXBuildFile; fileRef = 1EA6439C18553C1A00BF982B /* generic_hawk_1.mp3 */; };
		1EA643A318553C1A00BF982B /* osprey.mp3 in Resources */ = {isa = PBXBuildFile; fileRef = 1EA6439D18553C1A00BF982B /* osprey.mp3 */; };
		1EA643A71856726600BF982B /* hawesome_splash_2048x1536.png in Resources */ = {isa = PBXBuildFile; fileRef = 1EA643A61856726600BF982B /* hawesome_splash_2048x1536.png */; };
		1EA643A9185672C400BF982B /* hawesome_splash_1024x768.png in Resources */ = {isa = PBXBuildFile; fileRef = 1EA643A8185672C400BF982B /* hawesome_splash_1024x768.png */; };
		1EA643AB1856733000BF982B /* hawesome_splash_640x1136.png in Resources */ = {isa = PBXBuildFile; fileRef = 1EA643AA1856733000BF982B /* hawesome_splash_640x1136.png */; };
		1EA643AD1856736D00BF982B /* hawesome_splash_1536x2048.png in Resources */ = {isa = PBXBuildFile; fileRef = 1EA643AC1856736D00BF982B /* hawesome_splash_1536x2048.png */; };
		1EA643AF185673C200BF982B /* hawesome_splash_640x960.png in Resources */ = {isa = PBXBuildFile; fileRef = 1EA643AE185673C200BF982B /* hawesome_splash_640x960.png */; };
		1EF30AF51853CD00007FA696 /* Foundation.framework in Frameworks */ = {isa = PBXBuildFile; fileRef = 1EF30AF41853CD00007FA696 /* Foundation.framework */; };
		1EF30AF71853CD00007FA696 /* CoreGraphics.framework in Frameworks */ = {isa = PBXBuildFile; fileRef = 1EF30AF61853CD00007FA696 /* CoreGraphics.framework */; };
		1EF30AF91853CD00007FA696 /* UIKit.framework in Frameworks */ = {isa = PBXBuildFile; fileRef = 1EF30AF81853CD00007FA696 /* UIKit.framework */; };
		1EF30AFF1853CD00007FA696 /* InfoPlist.strings in Resources */ = {isa = PBXBuildFile; fileRef = 1EF30AFD1853CD00007FA696 /* InfoPlist.strings */; };
		1EF30B011853CD00007FA696 /* main.m in Sources */ = {isa = PBXBuildFile; fileRef = 1EF30B001853CD00007FA696 /* main.m */; };
		1EF30B051853CD00007FA696 /* HUAppDelegate.m in Sources */ = {isa = PBXBuildFile; fileRef = 1EF30B041853CD00007FA696 /* HUAppDelegate.m */; };
		1EF30B071853CD00007FA696 /* Images.xcassets in Resources */ = {isa = PBXBuildFile; fileRef = 1EF30B061853CD00007FA696 /* Images.xcassets */; };
		1EF30B0E1853CD00007FA696 /* XCTest.framework in Frameworks */ = {isa = PBXBuildFile; fileRef = 1EF30B0D1853CD00007FA696 /* XCTest.framework */; };
		1EF30B0F1853CD00007FA696 /* Foundation.framework in Frameworks */ = {isa = PBXBuildFile; fileRef = 1EF30AF41853CD00007FA696 /* Foundation.framework */; };
		1EF30B101853CD00007FA696 /* UIKit.framework in Frameworks */ = {isa = PBXBuildFile; fileRef = 1EF30AF81853CD00007FA696 /* UIKit.framework */; };
		1EF30B181853CD00007FA696 /* InfoPlist.strings in Resources */ = {isa = PBXBuildFile; fileRef = 1EF30B161853CD00007FA696 /* InfoPlist.strings */; };
		1EF30B1A1853CD00007FA696 /* HawkSoundsTests.m in Sources */ = {isa = PBXBuildFile; fileRef = 1EF30B191853CD00007FA696 /* HawkSoundsTests.m */; };
		1EF30B241853CD6D007FA696 /* HUHawkSounds.storyboard in Resources */ = {isa = PBXBuildFile; fileRef = 1EF30B231853CD6D007FA696 /* HUHawkSounds.storyboard */; };
		1EF30B2A1853CEE8007FA696 /* HuSoundsTableViewController.m in Sources */ = {isa = PBXBuildFile; fileRef = 1EF30B291853CEE8007FA696 /* HuSoundsTableViewController.m */; };
		1EF30B381853DAFE007FA696 /* Coopers_Hawk_Distress.mp3 in Resources */ = {isa = PBXBuildFile; fileRef = 1EF30B2C1853DAFE007FA696 /* Coopers_Hawk_Distress.mp3 */; };
		1EF30B391853DAFE007FA696 /* Coopers_Hawk_Chick.mp3 in Resources */ = {isa = PBXBuildFile; fileRef = 1EF30B2D1853DAFE007FA696 /* Coopers_Hawk_Chick.mp3 */; };
		1EF30B3A1853DAFE007FA696 /* Coopers_Hawk_Food.mp3 in Resources */ = {isa = PBXBuildFile; fileRef = 1EF30B2E1853DAFE007FA696 /* Coopers_Hawk_Food.mp3 */; };
		1EF30B3B1853DAFE007FA696 /* Cooper_Hawk_Alarm.mp3 in Resources */ = {isa = PBXBuildFile; fileRef = 1EF30B2F1853DAFE007FA696 /* Cooper_Hawk_Alarm.mp3 */; };
		1EF30B3C1853DAFE007FA696 /* Cooper_Hawk_Near_Nest.mp3 in Resources */ = {isa = PBXBuildFile; fileRef = 1EF30B301853DAFE007FA696 /* Cooper_Hawk_Near_Nest.mp3 */; };
		1EF30B3D1853DAFE007FA696 /* Sharp_Shinned_Various.mp3 in Resources */ = {isa = PBXBuildFile; fileRef = 1EF30B311853DAFE007FA696 /* Sharp_Shinned_Various.mp3 */; };
		1EF30B3E1853DAFE007FA696 /* Sharp_Shinned_Squeaky.mp3 in Resources */ = {isa = PBXBuildFile; fileRef = 1EF30B321853DAFE007FA696 /* Sharp_Shinned_Squeaky.mp3 */; };
		1EF30B3F1853DAFE007FA696 /* Sharp_Shinned_Alarm_Call.mp3 in Resources */ = {isa = PBXBuildFile; fileRef = 1EF30B331853DAFE007FA696 /* Sharp_Shinned_Alarm_Call.mp3 */; };
		1EF30B401853DAFE007FA696 /* Red_Tailed_Hawk_Chick.mp3 in Resources */ = {isa = PBXBuildFile; fileRef = 1EF30B341853DAFE007FA696 /* Red_Tailed_Hawk_Chick.mp3 */; };
		1EF30B411853DAFE007FA696 /* Red_Tailed_Hawk_Scolding_Call.mp3 in Resources */ = {isa = PBXBuildFile; fileRef = 1EF30B351853DAFE007FA696 /* Red_Tailed_Hawk_Scolding_Call.mp3 */; };
		1EF30B421853DAFE007FA696 /* Red_Tailed_Hawk_Adult_Scream.mp3 in Resources */ = {isa = PBXBuildFile; fileRef = 1EF30B361853DAFE007FA696 /* Red_Tailed_Hawk_Adult_Scream.mp3 */; };
		1EF30B431853DAFE007FA696 /* Red_Tailed_Hawk_Scream.mp3 in Resources */ = {isa = PBXBuildFile; fileRef = 1EF30B371853DAFE007FA696 /* Red_Tailed_Hawk_Scream.mp3 */; };
		1EF30B48185504FD007FA696 /* AVFoundation.framework in Frameworks */ = {isa = PBXBuildFile; fileRef = 1EF30B47185504FD007FA696 /* AVFoundation.framework */; };
		1EF30B4B1855067E007FA696 /* HUSoundCell.m in Sources */ = {isa = PBXBuildFile; fileRef = 1EF30B4A1855067E007FA696 /* HUSoundCell.m */; };
		1EF30B5418552681007FA696 /* hawk80.png in Resources */ = {isa = PBXBuildFile; fileRef = 1EF30B4E18552681007FA696 /* hawk80.png */; };
		1EF30B5518552681007FA696 /* hawk120.png in Resources */ = {isa = PBXBuildFile; fileRef = 1EF30B4F18552681007FA696 /* hawk120.png */; };
		1EF30B5618552681007FA696 /* hawk40.png in Resources */ = {isa = PBXBuildFile; fileRef = 1EF30B5018552681007FA696 /* hawk40.png */; };
		1EF30B5718552681007FA696 /* hawk152.png in Resources */ = {isa = PBXBuildFile; fileRef = 1EF30B5118552681007FA696 /* hawk152.png */; };
		1EF30B5818552681007FA696 /* hawk29.png in Resources */ = {isa = PBXBuildFile; fileRef = 1EF30B5218552681007FA696 /* hawk29.png */; };
		1EF30B5918552681007FA696 /* hawk58.png in Resources */ = {isa = PBXBuildFile; fileRef = 1EF30B5318552681007FA696 /* hawk58.png */; };
		1EF30B5B185526A5007FA696 /* hawk76.png in Resources */ = {isa = PBXBuildFile; fileRef = 1EF30B5A185526A5007FA696 /* hawk76.png */; };
		1EF30B5D185531D4007FA696 /* ferriginous_call.mp3 in Resources */ = {isa = PBXBuildFile; fileRef = 1EF30B5C185531D4007FA696 /* ferriginous_call.mp3 */; };
/* End PBXBuildFile section */

/* Begin PBXContainerItemProxy section */
		1EF30B111853CD00007FA696 /* PBXContainerItemProxy */ = {
			isa = PBXContainerItemProxy;
			containerPortal = 1EF30AE91853CD00007FA696 /* Project object */;
			proxyType = 1;
			remoteGlobalIDString = 1EF30AF01853CD00007FA696;
			remoteInfo = HawkSounds;
		};
/* End PBXContainerItemProxy section */

/* Begin PBXFileReference section */
		1E7AC1B218567A4600CE719E /* spreadeagle_400.png */ = {isa = PBXFileReference; lastKnownFileType = image.png; path = spreadeagle_400.png; sourceTree = "<group>"; };
		1EA643881855379800BF982B /* bald_eagle_lowkuk.mp3 */ = {isa = PBXFileReference; lastKnownFileType = audio.mp3; path = bald_eagle_lowkuk.mp3; sourceTree = "<group>"; };
		1EA643891855379800BF982B /* bald_eagle_juvenile_begging.mp3 */ = {isa = PBXFileReference; lastKnownFileType = audio.mp3; path = bald_eagle_juvenile_begging.mp3; sourceTree = "<group>"; };
		1EA6438A1855379800BF982B /* bald_eagle_juvenile_peal.mp3 */ = {isa = PBXFileReference; lastKnownFileType = audio.mp3; path = bald_eagle_juvenile_peal.mp3; sourceTree = "<group>"; };
		1EA6438B1855379800BF982B /* bald_eagle_peal.mp3 */ = {isa = PBXFileReference; lastKnownFileType = audio.mp3; path = bald_eagle_peal.mp3; sourceTree = "<group>"; };
		1EA6438C1855379800BF982B /* bald_eagle_chatter.mp3 */ = {isa = PBXFileReference; lastKnownFileType = audio.mp3; path = bald_eagle_chatter.mp3; sourceTree = "<group>"; };
		1EA6438D1855379800BF982B /* kestrel_various.mp3 */ = {isa = PBXFileReference; lastKnownFileType = audio.mp3; path = kestrel_various.mp3; sourceTree = "<group>"; };
		1EA6438E1855379800BF982B /* american_kestrel_chatter.mp3 */ = {isa = PBXFileReference; lastKnownFileType = audio.mp3; path = american_kestrel_chatter.mp3; sourceTree = "<group>"; };
		1EA6438F1855379800BF982B /* kestrel_klee.mp3 */ = {isa = PBXFileReference; lastKnownFileType = audio.mp3; path = kestrel_klee.mp3; sourceTree = "<group>"; };
		1EA6439818553C1A00BF982B /* merlin.mp3 */ = {isa = PBXFileReference; lastKnownFileType = audio.mp3; path = merlin.mp3; sourceTree = "<group>"; };
		1EA6439918553C1A00BF982B /* hawk_screeching_valley.mp3 */ = {isa = PBXFileReference; lastKnownFileType = audio.mp3; path = hawk_screeching_valley.mp3; sourceTree = "<group>"; };
		1EA6439A18553C1A00BF982B /* hawk_screeching.mp3 */ = {isa = PBXFileReference; lastKnownFileType = audio.mp3; path = hawk_screeching.mp3; sourceTree = "<group>"; };
		1EA6439B18553C1A00BF982B /* generic_hawk_2.mp3 */ = {isa = PBXFileReference; lastKnownFileType = audio.mp3; path = generic_hawk_2.mp3; sourceTree = "<group>"; };
		1EA6439C18553C1A00BF982B /* generic_hawk_1.mp3 */ = {isa = PBXFileReference; lastKnownFileType = audio.mp3; path = generic_hawk_1.mp3; sourceTree = "<group>"; };
		1EA6439D18553C1A00BF982B /* osprey.mp3 */ = {isa = PBXFileReference; lastKnownFileType = audio.mp3; path = osprey.mp3; sourceTree = "<group>"; };
		1EA643A61856726600BF982B /* hawesome_splash_2048x1536.png */ = {isa = PBXFileReference; lastKnownFileType = image.png; path = hawesome_splash_2048x1536.png; sourceTree = "<group>"; };
		1EA643A8185672C400BF982B /* hawesome_splash_1024x768.png */ = {isa = PBXFileReference; lastKnownFileType = image.png; path = hawesome_splash_1024x768.png; sourceTree = "<group>"; };
		1EA643AA1856733000BF982B /* hawesome_splash_640x1136.png */ = {isa = PBXFileReference; lastKnownFileType = image.png; path = hawesome_splash_640x1136.png; sourceTree = "<group>"; };
		1EA643AC1856736D00BF982B /* hawesome_splash_1536x2048.png */ = {isa = PBXFileReference; lastKnownFileType = image.png; path = hawesome_splash_1536x2048.png; sourceTree = "<group>"; };
		1EA643AE185673C200BF982B /* hawesome_splash_640x960.png */ = {isa = PBXFileReference; lastKnownFileType = image.png; path = hawesome_splash_640x960.png; sourceTree = "<group>"; };
		1EF30AF11853CD00007FA696 /* HawkSounds.app */ = {isa = PBXFileReference; explicitFileType = wrapper.application; includeInIndex = 0; path = HawkSounds.app; sourceTree = BUILT_PRODUCTS_DIR; };
		1EF30AF41853CD00007FA696 /* Foundation.framework */ = {isa = PBXFileReference; lastKnownFileType = wrapper.framework; name = Foundation.framework; path = System/Library/Frameworks/Foundation.framework; sourceTree = SDKROOT; };
		1EF30AF61853CD00007FA696 /* CoreGraphics.framework */ = {isa = PBXFileReference; lastKnownFileType = wrapper.framework; name = CoreGraphics.framework; path = System/Library/Frameworks/CoreGraphics.framework; sourceTree = SDKROOT; };
		1EF30AF81853CD00007FA696 /* UIKit.framework */ = {isa = PBXFileReference; lastKnownFileType = wrapper.framework; name = UIKit.framework; path = System/Library/Frameworks/UIKit.framework; sourceTree = SDKROOT; };
		1EF30AFC1853CD00007FA696 /* HawkSounds-Info.plist */ = {isa = PBXFileReference; lastKnownFileType = text.plist.xml; path = "HawkSounds-Info.plist"; sourceTree = "<group>"; };
		1EF30AFE1853CD00007FA696 /* en */ = {isa = PBXFileReference; lastKnownFileType = text.plist.strings; name = en; path = en.lproj/InfoPlist.strings; sourceTree = "<group>"; };
		1EF30B001853CD00007FA696 /* main.m */ = {isa = PBXFileReference; lastKnownFileType = sourcecode.c.objc; path = main.m; sourceTree = "<group>"; };
		1EF30B021853CD00007FA696 /* HawkSounds-Prefix.pch */ = {isa = PBXFileReference; lastKnownFileType = sourcecode.c.h; path = "HawkSounds-Prefix.pch"; sourceTree = "<group>"; };
		1EF30B031853CD00007FA696 /* HUAppDelegate.h */ = {isa = PBXFileReference; lastKnownFileType = sourcecode.c.h; path = HUAppDelegate.h; sourceTree = "<group>"; };
		1EF30B041853CD00007FA696 /* HUAppDelegate.m */ = {isa = PBXFileReference; lastKnownFileType = sourcecode.c.objc; path = HUAppDelegate.m; sourceTree = "<group>"; };
		1EF30B061853CD00007FA696 /* Images.xcassets */ = {isa = PBXFileReference; lastKnownFileType = folder.assetcatalog; path = Images.xcassets; sourceTree = "<group>"; };
		1EF30B0C1853CD00007FA696 /* HawkSoundsTests.xctest */ = {isa = PBXFileReference; explicitFileType = wrapper.cfbundle; includeInIndex = 0; path = HawkSoundsTests.xctest; sourceTree = BUILT_PRODUCTS_DIR; };
		1EF30B0D1853CD00007FA696 /* XCTest.framework */ = {isa = PBXFileReference; lastKnownFileType = wrapper.framework; name = XCTest.framework; path = Library/Frameworks/XCTest.framework; sourceTree = DEVELOPER_DIR; };
		1EF30B151853CD00007FA696 /* HawkSoundsTests-Info.plist */ = {isa = PBXFileReference; lastKnownFileType = text.plist.xml; path = "HawkSoundsTests-Info.plist"; sourceTree = "<group>"; };
		1EF30B171853CD00007FA696 /* en */ = {isa = PBXFileReference; lastKnownFileType = text.plist.strings; name = en; path = en.lproj/InfoPlist.strings; sourceTree = "<group>"; };
		1EF30B191853CD00007FA696 /* HawkSoundsTests.m */ = {isa = PBXFileReference; lastKnownFileType = sourcecode.c.objc; path = HawkSoundsTests.m; sourceTree = "<group>"; };
		1EF30B231853CD6D007FA696 /* HUHawkSounds.storyboard */ = {isa = PBXFileReference; fileEncoding = 4; lastKnownFileType = file.storyboard; name = HUHawkSounds.storyboard; path = ../HUHawkSounds.storyboard; sourceTree = "<group>"; };
		1EF30B281853CEE8007FA696 /* HuSoundsTableViewController.h */ = {isa = PBXFileReference; fileEncoding = 4; lastKnownFileType = sourcecode.c.h; name = HuSoundsTableViewController.h; path = ../HuSoundsTableViewController.h; sourceTree = "<group>"; };
		1EF30B291853CEE8007FA696 /* HuSoundsTableViewController.m */ = {isa = PBXFileReference; fileEncoding = 4; lastKnownFileType = sourcecode.c.objc; name = HuSoundsTableViewController.m; path = ../HuSoundsTableViewController.m; sourceTree = "<group>"; };
		1EF30B2C1853DAFE007FA696 /* Coopers_Hawk_Distress.mp3 */ = {isa = PBXFileReference; lastKnownFileType = audio.mp3; path = Coopers_Hawk_Distress.mp3; sourceTree = "<group>"; };
		1EF30B2D1853DAFE007FA696 /* Coopers_Hawk_Chick.mp3 */ = {isa = PBXFileReference; lastKnownFileType = audio.mp3; path = Coopers_Hawk_Chick.mp3; sourceTree = "<group>"; };
		1EF30B2E1853DAFE007FA696 /* Coopers_Hawk_Food.mp3 */ = {isa = PBXFileReference; lastKnownFileType = audio.mp3; path = Coopers_Hawk_Food.mp3; sourceTree = "<group>"; };
		1EF30B2F1853DAFE007FA696 /* Cooper_Hawk_Alarm.mp3 */ = {isa = PBXFileReference; lastKnownFileType = audio.mp3; path = Cooper_Hawk_Alarm.mp3; sourceTree = "<group>"; };
		1EF30B301853DAFE007FA696 /* Cooper_Hawk_Near_Nest.mp3 */ = {isa = PBXFileReference; lastKnownFileType = audio.mp3; path = Cooper_Hawk_Near_Nest.mp3; sourceTree = "<group>"; };
		1EF30B311853DAFE007FA696 /* Sharp_Shinned_Various.mp3 */ = {isa = PBXFileReference; lastKnownFileType = audio.mp3; path = Sharp_Shinned_Various.mp3; sourceTree = "<group>"; };
		1EF30B321853DAFE007FA696 /* Sharp_Shinned_Squeaky.mp3 */ = {isa = PBXFileReference; lastKnownFileType = audio.mp3; path = Sharp_Shinned_Squeaky.mp3; sourceTree = "<group>"; };
		1EF30B331853DAFE007FA696 /* Sharp_Shinned_Alarm_Call.mp3 */ = {isa = PBXFileReference; lastKnownFileType = audio.mp3; path = Sharp_Shinned_Alarm_Call.mp3; sourceTree = "<group>"; };
		1EF30B341853DAFE007FA696 /* Red_Tailed_Hawk_Chick.mp3 */ = {isa = PBXFileReference; lastKnownFileType = audio.mp3; path = Red_Tailed_Hawk_Chick.mp3; sourceTree = "<group>"; };
		1EF30B351853DAFE007FA696 /* Red_Tailed_Hawk_Scolding_Call.mp3 */ = {isa = PBXFileReference; lastKnownFileType = audio.mp3; path = Red_Tailed_Hawk_Scolding_Call.mp3; sourceTree = "<group>"; };
		1EF30B361853DAFE007FA696 /* Red_Tailed_Hawk_Adult_Scream.mp3 */ = {isa = PBXFileReference; lastKnownFileType = audio.mp3; path = Red_Tailed_Hawk_Adult_Scream.mp3; sourceTree = "<group>"; };
		1EF30B371853DAFE007FA696 /* Red_Tailed_Hawk_Scream.mp3 */ = {isa = PBXFileReference; lastKnownFileType = audio.mp3; path = Red_Tailed_Hawk_Scream.mp3; sourceTree = "<group>"; };
		1EF30B47185504FD007FA696 /* AVFoundation.framework */ = {isa = PBXFileReference; lastKnownFileType = wrapper.framework; name = AVFoundation.framework; path = System/Library/Frameworks/AVFoundation.framework; sourceTree = SDKROOT; };
		1EF30B491855067E007FA696 /* HUSoundCell.h */ = {isa = PBXFileReference; fileEncoding = 4; lastKnownFileType = sourcecode.c.h; path = HUSoundCell.h; sourceTree = "<group>"; };
		1EF30B4A1855067E007FA696 /* HUSoundCell.m */ = {isa = PBXFileReference; fileEncoding = 4; lastKnownFileType = sourcecode.c.objc; path = HUSoundCell.m; sourceTree = "<group>"; };
		1EF30B4E18552681007FA696 /* hawk80.png */ = {isa = PBXFileReference; lastKnownFileType = image.png; path = hawk80.png; sourceTree = "<group>"; };
		1EF30B4F18552681007FA696 /* hawk120.png */ = {isa = PBXFileReference; lastKnownFileType = image.png; path = hawk120.png; sourceTree = "<group>"; };
		1EF30B5018552681007FA696 /* hawk40.png */ = {isa = PBXFileReference; lastKnownFileType = image.png; path = hawk40.png; sourceTree = "<group>"; };
		1EF30B5118552681007FA696 /* hawk152.png */ = {isa = PBXFileReference; lastKnownFileType = image.png; path = hawk152.png; sourceTree = "<group>"; };
		1EF30B5218552681007FA696 /* hawk29.png */ = {isa = PBXFileReference; lastKnownFileType = image.png; path = hawk29.png; sourceTree = "<group>"; };
		1EF30B5318552681007FA696 /* hawk58.png */ = {isa = PBXFileReference; lastKnownFileType = image.png; path = hawk58.png; sourceTree = "<group>"; };
		1EF30B5A185526A5007FA696 /* hawk76.png */ = {isa = PBXFileReference; lastKnownFileType = image.png; path = hawk76.png; sourceTree = "<group>"; };
		1EF30B5C185531D4007FA696 /* ferriginous_call.mp3 */ = {isa = PBXFileReference; lastKnownFileType = audio.mp3; path = ferriginous_call.mp3; sourceTree = "<group>"; };
/* End PBXFileReference section */

/* Begin PBXFrameworksBuildPhase section */
		1EF30AEE1853CD00007FA696 /* Frameworks */ = {
			isa = PBXFrameworksBuildPhase;
			buildActionMask = 2147483647;
			files = (
				1EF30B48185504FD007FA696 /* AVFoundation.framework in Frameworks */,
				1EF30AF71853CD00007FA696 /* CoreGraphics.framework in Frameworks */,
				1EF30AF91853CD00007FA696 /* UIKit.framework in Frameworks */,
				1EF30AF51853CD00007FA696 /* Foundation.framework in Frameworks */,
			);
			runOnlyForDeploymentPostprocessing = 0;
		};
		1EF30B091853CD00007FA696 /* Frameworks */ = {
			isa = PBXFrameworksBuildPhase;
			buildActionMask = 2147483647;
			files = (
				1EF30B0E1853CD00007FA696 /* XCTest.framework in Frameworks */,
				1EF30B101853CD00007FA696 /* UIKit.framework in Frameworks */,
				1EF30B0F1853CD00007FA696 /* Foundation.framework in Frameworks */,
			);
			runOnlyForDeploymentPostprocessing = 0;
		};
/* End PBXFrameworksBuildPhase section */

/* Begin PBXGroup section */
		1EF30AE81853CD00007FA696 = {
			isa = PBXGroup;
			children = (
				1E7AC1B218567A4600CE719E /* spreadeagle_400.png */,
				1EA643AE185673C200BF982B /* hawesome_splash_640x960.png */,
				1EA643AC1856736D00BF982B /* hawesome_splash_1536x2048.png */,
				1EA643AA1856733000BF982B /* hawesome_splash_640x1136.png */,
				1EA643A61856726600BF982B /* hawesome_splash_2048x1536.png */,
				1EA643A8185672C400BF982B /* hawesome_splash_1024x768.png */,
				1EF30B5A185526A5007FA696 /* hawk76.png */,
				1EF30B4E18552681007FA696 /* hawk80.png */,
				1EF30B4F18552681007FA696 /* hawk120.png */,
				1EF30B5018552681007FA696 /* hawk40.png */,
				1EF30B5118552681007FA696 /* hawk152.png */,
				1EF30B5218552681007FA696 /* hawk29.png */,
				1EF30B5318552681007FA696 /* hawk58.png */,
				1EF30AFA1853CD00007FA696 /* HawkSounds */,
				1EF30B131853CD00007FA696 /* HawkSoundsTests */,
				1EF30AF31853CD00007FA696 /* Frameworks */,
				1EF30AF21853CD00007FA696 /* Products */,
			);
			sourceTree = "<group>";
		};
		1EF30AF21853CD00007FA696 /* Products */ = {
			isa = PBXGroup;
			children = (
				1EF30AF11853CD00007FA696 /* HawkSounds.app */,
				1EF30B0C1853CD00007FA696 /* HawkSoundsTests.xctest */,
			);
			name = Products;
			sourceTree = "<group>";
		};
		1EF30AF31853CD00007FA696 /* Frameworks */ = {
			isa = PBXGroup;
			children = (
				1EF30B47185504FD007FA696 /* AVFoundation.framework */,
				1EF30AF41853CD00007FA696 /* Foundation.framework */,
				1EF30AF61853CD00007FA696 /* CoreGraphics.framework */,
				1EF30AF81853CD00007FA696 /* UIKit.framework */,
				1EF30B0D1853CD00007FA696 /* XCTest.framework */,
			);
			name = Frameworks;
			sourceTree = "<group>";
		};
		1EF30AFA1853CD00007FA696 /* HawkSounds */ = {
			isa = PBXGroup;
			children = (
				1EF30B281853CEE8007FA696 /* HuSoundsTableViewController.h */,
				1EF30B291853CEE8007FA696 /* HuSoundsTableViewController.m */,
				1EF30B231853CD6D007FA696 /* HUHawkSounds.storyboard */,
				1EF30B2B1853DAF3007FA696 /* Sounds */,
				1EF30B031853CD00007FA696 /* HUAppDelegate.h */,
				1EF30B041853CD00007FA696 /* HUAppDelegate.m */,
				1EF30B061853CD00007FA696 /* Images.xcassets */,
				1EF30AFB1853CD00007FA696 /* Supporting Files */,
				1EF30B491855067E007FA696 /* HUSoundCell.h */,
				1EF30B4A1855067E007FA696 /* HUSoundCell.m */,
			);
			path = HawkSounds;
			sourceTree = "<group>";
		};
		1EF30AFB1853CD00007FA696 /* Supporting Files */ = {
			isa = PBXGroup;
			children = (
				1EF30AFC1853CD00007FA696 /* HawkSounds-Info.plist */,
				1EF30AFD1853CD00007FA696 /* InfoPlist.strings */,
				1EF30B001853CD00007FA696 /* main.m */,
				1EF30B021853CD00007FA696 /* HawkSounds-Prefix.pch */,
			);
			name = "Supporting Files";
			sourceTree = "<group>";
		};
		1EF30B131853CD00007FA696 /* HawkSoundsTests */ = {
			isa = PBXGroup;
			children = (
				1EF30B191853CD00007FA696 /* HawkSoundsTests.m */,
				1EF30B141853CD00007FA696 /* Supporting Files */,
			);
			path = HawkSoundsTests;
			sourceTree = "<group>";
		};
		1EF30B141853CD00007FA696 /* Supporting Files */ = {
			isa = PBXGroup;
			children = (
				1EF30B151853CD00007FA696 /* HawkSoundsTests-Info.plist */,
				1EF30B161853CD00007FA696 /* InfoPlist.strings */,
			);
			name = "Supporting Files";
			sourceTree = "<group>";
		};
		1EF30B2B1853DAF3007FA696 /* Sounds */ = {
			isa = PBXGroup;
			children = (
				1EA6439818553C1A00BF982B /* merlin.mp3 */,
				1EA6439918553C1A00BF982B /* hawk_screeching_valley.mp3 */,
				1EA6439A18553C1A00BF982B /* hawk_screeching.mp3 */,
				1EA6439B18553C1A00BF982B /* generic_hawk_2.mp3 */,
				1EA6439C18553C1A00BF982B /* generic_hawk_1.mp3 */,
				1EA6439D18553C1A00BF982B /* osprey.mp3 */,
				1EA643881855379800BF982B /* bald_eagle_lowkuk.mp3 */,
				1EA643891855379800BF982B /* bald_eagle_juvenile_begging.mp3 */,
				1EA6438A1855379800BF982B /* bald_eagle_juvenile_peal.mp3 */,
				1EA6438B1855379800BF982B /* bald_eagle_peal.mp3 */,
				1EA6438C1855379800BF982B /* bald_eagle_chatter.mp3 */,
				1EA6438D1855379800BF982B /* kestrel_various.mp3 */,
				1EA6438E1855379800BF982B /* american_kestrel_chatter.mp3 */,
				1EA6438F1855379800BF982B /* kestrel_klee.mp3 */,
				1EF30B5C185531D4007FA696 /* ferriginous_call.mp3 */,
				1EF30B2C1853DAFE007FA696 /* Coopers_Hawk_Distress.mp3 */,
				1EF30B2D1853DAFE007FA696 /* Coopers_Hawk_Chick.mp3 */,
				1EF30B2E1853DAFE007FA696 /* Coopers_Hawk_Food.mp3 */,
				1EF30B2F1853DAFE007FA696 /* Cooper_Hawk_Alarm.mp3 */,
				1EF30B301853DAFE007FA696 /* Cooper_Hawk_Near_Nest.mp3 */,
				1EF30B311853DAFE007FA696 /* Sharp_Shinned_Various.mp3 */,
				1EF30B321853DAFE007FA696 /* Sharp_Shinned_Squeaky.mp3 */,
				1EF30B331853DAFE007FA696 /* Sharp_Shinned_Alarm_Call.mp3 */,
				1EF30B341853DAFE007FA696 /* Red_Tailed_Hawk_Chick.mp3 */,
				1EF30B351853DAFE007FA696 /* Red_Tailed_Hawk_Scolding_Call.mp3 */,
				1EF30B361853DAFE007FA696 /* Red_Tailed_Hawk_Adult_Scream.mp3 */,
				1EF30B371853DAFE007FA696 /* Red_Tailed_Hawk_Scream.mp3 */,
			);
			name = Sounds;
			sourceTree = "<group>";
		};
/* End PBXGroup section */

/* Begin PBXNativeTarget section */
		1EF30AF01853CD00007FA696 /* HawkSounds */ = {
			isa = PBXNativeTarget;
			buildConfigurationList = 1EF30B1D1853CD00007FA696 /* Build configuration list for PBXNativeTarget "HawkSounds" */;
			buildPhases = (
				1EF30AED1853CD00007FA696 /* Sources */,
				1EF30AEE1853CD00007FA696 /* Frameworks */,
				1EF30AEF1853CD00007FA696 /* Resources */,
			);
			buildRules = (
			);
			dependencies = (
			);
			name = HawkSounds;
			productName = HawkSounds;
			productReference = 1EF30AF11853CD00007FA696 /* HawkSounds.app */;
			productType = "com.apple.product-type.application";
		};
		1EF30B0B1853CD00007FA696 /* HawkSoundsTests */ = {
			isa = PBXNativeTarget;
			buildConfigurationList = 1EF30B201853CD00007FA696 /* Build configuration list for PBXNativeTarget "HawkSoundsTests" */;
			buildPhases = (
				1EF30B081853CD00007FA696 /* Sources */,
				1EF30B091853CD00007FA696 /* Frameworks */,
				1EF30B0A1853CD00007FA696 /* Resources */,
			);
			buildRules = (
			);
			dependencies = (
				1EF30B121853CD00007FA696 /* PBXTargetDependency */,
			);
			name = HawkSoundsTests;
			productName = HawkSoundsTests;
			productReference = 1EF30B0C1853CD00007FA696 /* HawkSoundsTests.xctest */;
			productType = "com.apple.product-type.bundle.unit-test";
		};
/* End PBXNativeTarget section */

/* Begin PBXProject section */
		1EF30AE91853CD00007FA696 /* Project object */ = {
			isa = PBXProject;
			attributes = {
				CLASSPREFIX = HU;
				LastUpgradeCheck = 0500;
				ORGANIZATIONNAME = Hugey;
				TargetAttributes = {
					1EF30AF01853CD00007FA696 = {
						DevelopmentTeam = 4FE36XCZ5Z;
					};
					1EF30B0B1853CD00007FA696 = {
						TestTargetID = 1EF30AF01853CD00007FA696;
					};
				};
			};
			buildConfigurationList = 1EF30AEC1853CD00007FA696 /* Build configuration list for PBXProject "HawkSounds" */;
			compatibilityVersion = "Xcode 3.2";
			developmentRegion = English;
			hasScannedForEncodings = 0;
			knownRegions = (
				en,
			);
			mainGroup = 1EF30AE81853CD00007FA696;
			productRefGroup = 1EF30AF21853CD00007FA696 /* Products */;
			projectDirPath = "";
			projectRoot = "";
			targets = (
				1EF30AF01853CD00007FA696 /* HawkSounds */,
				1EF30B0B1853CD00007FA696 /* HawkSoundsTests */,
			);
		};
/* End PBXProject section */

/* Begin PBXResourcesBuildPhase section */
		1EF30AEF1853CD00007FA696 /* Resources */ = {
			isa = PBXResourcesBuildPhase;
			buildActionMask = 2147483647;
			files = (
				1EF30B5418552681007FA696 /* hawk80.png in Resources */,
				1EF30B411853DAFE007FA696 /* Red_Tailed_Hawk_Scolding_Call.mp3 in Resources */,
				1EA643971855379800BF982B /* kestrel_klee.mp3 in Resources */,
				1EF30B5718552681007FA696 /* hawk152.png in Resources */,
				1EF30B381853DAFE007FA696 /* Coopers_Hawk_Distress.mp3 in Resources */,
				1EF30B421853DAFE007FA696 /* Red_Tailed_Hawk_Adult_Scream.mp3 in Resources */,
				1EF30B3E1853DAFE007FA696 /* Sharp_Shinned_Squeaky.mp3 in Resources */,
				1EA643A318553C1A00BF982B /* osprey.mp3 in Resources */,
				1EF30AFF1853CD00007FA696 /* InfoPlist.strings in Resources */,
				1EA643961855379800BF982B /* american_kestrel_chatter.mp3 in Resources */,
				1EF30B5818552681007FA696 /* hawk29.png in Resources */,
				1EA643A018553C1A00BF982B /* hawk_screeching.mp3 in Resources */,
				1EF30B5618552681007FA696 /* hawk40.png in Resources */,
				1EF30B3B1853DAFE007FA696 /* Cooper_Hawk_Alarm.mp3 in Resources */,
				1EA643AB1856733000BF982B /* hawesome_splash_640x1136.png in Resources */,
				1EF30B391853DAFE007FA696 /* Coopers_Hawk_Chick.mp3 in Resources */,
				1EA643A118553C1A00BF982B /* generic_hawk_2.mp3 in Resources */,
				1EA643A218553C1A00BF982B /* generic_hawk_1.mp3 in Resources */,
				1EF30B3A1853DAFE007FA696 /* Coopers_Hawk_Food.mp3 in Resources */,
				1EF30B5D185531D4007FA696 /* ferriginous_call.mp3 in Resources */,
				1EA643AD1856736D00BF982B /* hawesome_splash_1536x2048.png in Resources */,
				1EA6439E18553C1A00BF982B /* merlin.mp3 in Resources */,
				1EA643911855379800BF982B /* bald_eagle_juvenile_begging.mp3 in Resources */,
				1EA643941855379800BF982B /* bald_eagle_chatter.mp3 in Resources */,
				1EA643951855379800BF982B /* kestrel_various.mp3 in Resources */,
				1EF30B5518552681007FA696 /* hawk120.png in Resources */,
				1EF30B071853CD00007FA696 /* Images.xcassets in Resources */,
				1EF30B5918552681007FA696 /* hawk58.png in Resources */,
				1EA643931855379800BF982B /* bald_eagle_peal.mp3 in Resources */,
				1EF30B5B185526A5007FA696 /* hawk76.png in Resources */,
				1EA643921855379800BF982B /* bald_eagle_juvenile_peal.mp3 in Resources */,
				1E7AC1B318567A4600CE719E /* spreadeagle_400.png in Resources */,
				1EA643A9185672C400BF982B /* hawesome_splash_1024x768.png in Resources */,
				1EA643A71856726600BF982B /* hawesome_splash_2048x1536.png in Resources */,
				1EA6439F18553C1A00BF982B /* hawk_screeching_valley.mp3 in Resources */,
				1EF30B3D1853DAFE007FA696 /* Sharp_Shinned_Various.mp3 in Resources */,
				1EF30B241853CD6D007FA696 /* HUHawkSounds.storyboard in Resources */,
				1EF30B3F1853DAFE007FA696 /* Sharp_Shinned_Alarm_Call.mp3 in Resources */,
				1EA643AF185673C200BF982B /* hawesome_splash_640x960.png in Resources */,
				1EF30B3C1853DAFE007FA696 /* Cooper_Hawk_Near_Nest.mp3 in Resources */,
				1EF30B401853DAFE007FA696 /* Red_Tailed_Hawk_Chick.mp3 in Resources */,
				1EF30B431853DAFE007FA696 /* Red_Tailed_Hawk_Scream.mp3 in Resources */,
				1EA643901855379800BF982B /* bald_eagle_lowkuk.mp3 in Resources */,
			);
			runOnlyForDeploymentPostprocessing = 0;
		};
		1EF30B0A1853CD00007FA696 /* Resources */ = {
			isa = PBXResourcesBuildPhase;
			buildActionMask = 2147483647;
			files = (
				1EF30B181853CD00007FA696 /* InfoPlist.strings in Resources */,
			);
			runOnlyForDeploymentPostprocessing = 0;
		};
/* End PBXResourcesBuildPhase section */

/* Begin PBXSourcesBuildPhase section */
		1EF30AED1853CD00007FA696 /* Sources */ = {
			isa = PBXSourcesBuildPhase;
			buildActionMask = 2147483647;
			files = (
				1EF30B4B1855067E007FA696 /* HUSoundCell.m in Sources */,
				1EF30B2A1853CEE8007FA696 /* HuSoundsTableViewController.m in Sources */,
				1EF30B011853CD00007FA696 /* main.m in Sources */,
				1EF30B051853CD00007FA696 /* HUAppDelegate.m in Sources */,
			);
			runOnlyForDeploymentPostprocessing = 0;
		};
		1EF30B081853CD00007FA696 /* Sources */ = {
			isa = PBXSourcesBuildPhase;
			buildActionMask = 2147483647;
			files = (
				1EF30B1A1853CD00007FA696 /* HawkSoundsTests.m in Sources */,
			);
			runOnlyForDeploymentPostprocessing = 0;
		};
/* End PBXSourcesBuildPhase section */

/* Begin PBXTargetDependency section */
		1EF30B121853CD00007FA696 /* PBXTargetDependency */ = {
			isa = PBXTargetDependency;
			target = 1EF30AF01853CD00007FA696 /* HawkSounds */;
			targetProxy = 1EF30B111853CD00007FA696 /* PBXContainerItemProxy */;
		};
/* End PBXTargetDependency section */

/* Begin PBXVariantGroup section */
		1EF30AFD1853CD00007FA696 /* InfoPlist.strings */ = {
			isa = PBXVariantGroup;
			children = (
				1EF30AFE1853CD00007FA696 /* en */,
			);
			name = InfoPlist.strings;
			sourceTree = "<group>";
		};
		1EF30B161853CD00007FA696 /* InfoPlist.strings */ = {
			isa = PBXVariantGroup;
			children = (
				1EF30B171853CD00007FA696 /* en */,
			);
			name = InfoPlist.strings;
			sourceTree = "<group>";
		};
/* End PBXVariantGroup section */

/* Begin XCBuildConfiguration section */
		1EF30B1B1853CD00007FA696 /* Debug */ = {
			isa = XCBuildConfiguration;
			buildSettings = {
				ALWAYS_SEARCH_USER_PATHS = NO;
				ARCHS = "$(ARCHS_STANDARD_INCLUDING_64_BIT)";
				CLANG_CXX_LANGUAGE_STANDARD = "gnu++0x";
				CLANG_CXX_LIBRARY = "libc++";
				CLANG_ENABLE_MODULES = YES;
				CLANG_ENABLE_OBJC_ARC = YES;
				CLANG_WARN_BOOL_CONVERSION = YES;
				CLANG_WARN_CONSTANT_CONVERSION = YES;
				CLANG_WARN_DIRECT_OBJC_ISA_USAGE = YES_ERROR;
				CLANG_WARN_EMPTY_BODY = YES;
				CLANG_WARN_ENUM_CONVERSION = YES;
				CLANG_WARN_INT_CONVERSION = YES;
				CLANG_WARN_OBJC_ROOT_CLASS = YES_ERROR;
				CLANG_WARN__DUPLICATE_METHOD_MATCH = YES;
				"CODE_SIGN_IDENTITY[sdk=iphoneos*]" = "iPhone Developer";
				COPY_PHASE_STRIP = NO;
				GCC_C_LANGUAGE_STANDARD = gnu99;
				GCC_DYNAMIC_NO_PIC = NO;
				GCC_OPTIMIZATION_LEVEL = 0;
				GCC_PREPROCESSOR_DEFINITIONS = (
					"DEBUG=1",
					"$(inherited)",
				);
				GCC_SYMBOLS_PRIVATE_EXTERN = NO;
				GCC_WARN_64_TO_32_BIT_CONVERSION = YES;
				GCC_WARN_ABOUT_RETURN_TYPE = YES_ERROR;
				GCC_WARN_UNDECLARED_SELECTOR = YES;
				GCC_WARN_UNINITIALIZED_AUTOS = YES;
				GCC_WARN_UNUSED_FUNCTION = YES;
				GCC_WARN_UNUSED_VARIABLE = YES;
				IPHONEOS_DEPLOYMENT_TARGET = 7.0;
				ONLY_ACTIVE_ARCH = YES;
				SDKROOT = iphoneos;
				TARGETED_DEVICE_FAMILY = "1,2";
			};
			name = Debug;
		};
		1EF30B1C1853CD00007FA696 /* Release */ = {
			isa = XCBuildConfiguration;
			buildSettings = {
				ALWAYS_SEARCH_USER_PATHS = NO;
				ARCHS = "$(ARCHS_STANDARD_INCLUDING_64_BIT)";
				CLANG_CXX_LANGUAGE_STANDARD = "gnu++0x";
				CLANG_CXX_LIBRARY = "libc++";
				CLANG_ENABLE_MODULES = YES;
				CLANG_ENABLE_OBJC_ARC = YES;
				CLANG_WARN_BOOL_CONVERSION = YES;
				CLANG_WARN_CONSTANT_CONVERSION = YES;
				CLANG_WARN_DIRECT_OBJC_ISA_USAGE = YES_ERROR;
				CLANG_WARN_EMPTY_BODY = YES;
				CLANG_WARN_ENUM_CONVERSION = YES;
				CLANG_WARN_INT_CONVERSION = YES;
				CLANG_WARN_OBJC_ROOT_CLASS = YES_ERROR;
				CLANG_WARN__DUPLICATE_METHOD_MATCH = YES;
				"CODE_SIGN_IDENTITY[sdk=iphoneos*]" = "iPhone Developer";
				COPY_PHASE_STRIP = YES;
				ENABLE_NS_ASSERTIONS = NO;
				GCC_C_LANGUAGE_STANDARD = gnu99;
				GCC_WARN_64_TO_32_BIT_CONVERSION = YES;
				GCC_WARN_ABOUT_RETURN_TYPE = YES_ERROR;
				GCC_WARN_UNDECLARED_SELECTOR = YES;
				GCC_WARN_UNINITIALIZED_AUTOS = YES;
				GCC_WARN_UNUSED_FUNCTION = YES;
				GCC_WARN_UNUSED_VARIABLE = YES;
				IPHONEOS_DEPLOYMENT_TARGET = 7.0;
				SDKROOT = iphoneos;
				TARGETED_DEVICE_FAMILY = "1,2";
				VALIDATE_PRODUCT = YES;
			};
			name = Release;
		};
		1EF30B1E1853CD00007FA696 /* Debug */ = {
			isa = XCBuildConfiguration;
			buildSettings = {
				CODE_SIGN_IDENTITY = "iPhone Developer";
				"CODE_SIGN_IDENTITY[sdk=iphoneos*]" = "iPhone Developer";
				GCC_PRECOMPILE_PREFIX_HEADER = YES;
				GCC_PREFIX_HEADER = "HawkSounds/HawkSounds-Prefix.pch";
				INFOPLIST_FILE = "HawkSounds/HawkSounds-Info.plist";
				PRODUCT_NAME = "$(TARGET_NAME)";
				PROVISIONING_PROFILE = "";
				WRAPPER_EXTENSION = app;
			};
			name = Debug;
		};
		1EF30B1F1853CD00007FA696 /* Release */ = {
			isa = XCBuildConfiguration;
			buildSettings = {
				CODE_SIGN_IDENTITY = "iPhone Distribution";
				"CODE_SIGN_IDENTITY[sdk=iphoneos*]" = "iPhone Distribution";
				GCC_PRECOMPILE_PREFIX_HEADER = YES;
				GCC_PREFIX_HEADER = "HawkSounds/HawkSounds-Prefix.pch";
				INFOPLIST_FILE = "HawkSounds/HawkSounds-Info.plist";
				PRODUCT_NAME = "$(TARGET_NAME)";
				PROVISIONING_PROFILE = "";
				WRAPPER_EXTENSION = app;
			};
			name = Release;
		};
		1EF30B211853CD00007FA696 /* Debug */ = {
			isa = XCBuildConfiguration;
			buildSettings = {
				ARCHS = "$(ARCHS_STANDARD_INCLUDING_64_BIT)";
				BUNDLE_LOADER = "$(BUILT_PRODUCTS_DIR)/HawkSounds.app/HawkSounds";
				FRAMEWORK_SEARCH_PATHS = (
					"$(SDKROOT)/Developer/Library/Frameworks",
					"$(inherited)",
					"$(DEVELOPER_FRAMEWORKS_DIR)",
				);
				GCC_PRECOMPILE_PREFIX_HEADER = YES;
				GCC_PREFIX_HEADER = "HawkSounds/HawkSounds-Prefix.pch";
				GCC_PREPROCESSOR_DEFINITIONS = (
					"DEBUG=1",
					"$(inherited)",
				);
				INFOPLIST_FILE = "HawkSoundsTests/HawkSoundsTests-Info.plist";
				PRODUCT_NAME = "$(TARGET_NAME)";
				TEST_HOST = "$(BUNDLE_LOADER)";
				WRAPPER_EXTENSION = xctest;
			};
			name = Debug;
		};
		1EF30B221853CD00007FA696 /* Release */ = {
			isa = XCBuildConfiguration;
			buildSettings = {
				ARCHS = "$(ARCHS_STANDARD_INCLUDING_64_BIT)";
				BUNDLE_LOADER = "$(BUILT_PRODUCTS_DIR)/HawkSounds.app/HawkSounds";
				FRAMEWORK_SEARCH_PATHS = (
					"$(SDKROOT)/Developer/Library/Frameworks",
					"$(inherited)",
					"$(DEVELOPER_FRAMEWORKS_DIR)",
				);
				GCC_PRECOMPILE_PREFIX_HEADER = YES;
				GCC_PREFIX_HEADER = "HawkSounds/HawkSounds-Prefix.pch";
				INFOPLIST_FILE = "HawkSoundsTests/HawkSoundsTests-Info.plist";
				PRODUCT_NAME = "$(TARGET_NAME)";
				TEST_HOST = "$(BUNDLE_LOADER)";
				WRAPPER_EXTENSION = xctest;
			};
			name = Release;
		};
/* End XCBuildConfiguration section */

/* Begin XCConfigurationList section */
		1EF30AEC1853CD00007FA696 /* Build configuration list for PBXProject "HawkSounds" */ = {
			isa = XCConfigurationList;
			buildConfigurations = (
				1EF30B1B1853CD00007FA696 /* Debug */,
				1EF30B1C1853CD00007FA696 /* Release */,
			);
			defaultConfigurationIsVisible = 0;
			defaultConfigurationName = Release;
		};
		1EF30B1D1853CD00007FA696 /* Build configuration list for PBXNativeTarget "HawkSounds" */ = {
			isa = XCConfigurationList;
			buildConfigurations = (
				1EF30B1E1853CD00007FA696 /* Debug */,
				1EF30B1F1853CD00007FA696 /* Release */,
			);
			defaultConfigurationIsVisible = 0;
			defaultConfigurationName = Release;
		};
		1EF30B201853CD00007FA696 /* Build configuration list for PBXNativeTarget "HawkSoundsTests" */ = {
			isa = XCConfigurationList;
			buildConfigurations = (
				1EF30B211853CD00007FA696 /* Debug */,
				1EF30B221853CD00007FA696 /* Release */,
			);
			defaultConfigurationIsVisible = 0;
			defaultConfigurationName = Release;
		};
/* End XCConfigurationList section */
	};
	rootObject = 1EF30AE91853CD00007FA696 /* Project object */;
}
